
Microsoft Visual Studio Solution File, Format Version 12.00
# Visual Studio Version 17
VisualStudioVersion = 17.4.33205.214
MinimumVisualStudioVersion = 10.0.40219.1
Project("{9A19103F-16F7-4668-BE54-9A1E7A4F7556}") = "ReactProjectASPNETCore-Backend", "ReactProjectASPNETCore-Backend\ReactProjectASPNETCore-Backend.csproj", "{C2F2A471-4D35-4438-A933-5DA26A340B48}"
EndProject
Project("{54A90642-561A-4BB1-A94E-469ADEE60C69}") = "reactprojectaspnetcore-frontend", "ReactProjectASPNETCore-Frontend\reactprojectaspnetcore-frontend.esproj", "{0CBE08A1-463A-454B-B6BD-A12994DDC702}"
EndProject
Global
	GlobalSection(SolutionConfigurationPlatforms) = preSolution
		Debug|Any CPU = Debug|Any CPU
		Release|Any CPU = Release|Any CPU
	EndGlobalSection
	GlobalSection(ProjectConfigurationPlatforms) = postSolution
		{C2F2A471-4D35-4438-A933-5DA26A340B48}.Debug|Any CPU.ActiveCfg = Debug|Any CPU
		{C2F2A471-4D35-4438-A933-5DA26A340B48}.Debug|Any CPU.Build.0 = Debug|Any CPU
		{C2F2A471-4D35-4438-A933-5DA26A340B48}.Release|Any CPU.ActiveCfg = Release|Any CPU
		{C2F2A471-4D35-4438-A933-5DA26A340B48}.Release|Any CPU.Build.0 = Release|Any CPU
		{0CBE08A1-463A-454B-B6BD-A12994DDC702}.Debug|Any CPU.ActiveCfg = Debug|Any CPU
		{0CBE08A1-463A-454B-B6BD-A12994DDC702}.Debug|Any CPU.Build.0 = Debug|Any CPU
		{0CBE08A1-463A-454B-B6BD-A12994DDC702}.Debug|Any CPU.Deploy.0 = Debug|Any CPU
		{0CBE08A1-463A-454B-B6BD-A12994DDC702}.Release|Any CPU.ActiveCfg = Release|Any CPU
		{0CBE08A1-463A-454B-B6BD-A12994DDC702}.Release|Any CPU.Build.0 = Release|Any CPU
		{0CBE08A1-463A-454B-B6BD-A12994DDC702}.Release|Any CPU.Deploy.0 = Release|Any CPU
	EndGlobalSection
	GlobalSection(SolutionProperties) = preSolution
		HideSolutionNode = FALSE
	EndGlobalSection
	GlobalSection(ExtensibilityGlobals) = postSolution
		SolutionGuid = {AB086389-7742-4D3A-97D2-C7540BC5E79B}
	EndGlobalSection
EndGlobal
